
Microsoft Visual Studio Solution File, Format Version 12.00
# Visual Studio Version 16
VisualStudioVersion = 16.0.30114.128
MinimumVisualStudioVersion = 10.0.40219.1
Project("{2150E333-8FDC-42A3-9474-1A3956D46DE8}") = "src", "src", "{EE32E278-A887-454E-987D-FFE9E37169FE}"
EndProject
Project("{9A19103F-16F7-4668-BE54-9A1E7A4F7556}") = "Blazor.Diagrams.Core", "src\Blazor.Diagrams.Core\Blazor.Diagrams.Core.csproj", "{1A70B637-9EF8-4C25-970E-A681DEC9061C}"
EndProject
Project("{2150E333-8FDC-42A3-9474-1A3956D46DE8}") = "samples", "samples", "{DA819127-3EF6-4EB9-A2DA-BC056B284A50}"
EndProject
Project("{9A19103F-16F7-4668-BE54-9A1E7A4F7556}") = "Wasm", "samples\Wasm\Wasm.csproj", "{A43942BD-FDA0-4E3D-8115-BBE9D0D75DE3}"
EndProject
Project("{9A19103F-16F7-4668-BE54-9A1E7A4F7556}") = "Blazor.Diagrams", "src\Blazor.Diagrams\Blazor.Diagrams.csproj", "{A1A4F8A5-7C97-41A8-9ADD-54E9D1725B56}"
EndProject
Project("{9A19103F-16F7-4668-BE54-9A1E7A4F7556}") = "SharedDemo", "samples\SharedDemo\SharedDemo.csproj", "{1CBCC8E6-111C-4364-9882-50881E4CC8B4}"
EndProject
Project("{9A19103F-16F7-4668-BE54-9A1E7A4F7556}") = "ServerSide", "samples\ServerSide\ServerSide.csproj", "{B9EE910B-8FE7-490C-B20C-CEC27A2890D6}"
EndProject
Project("{9A19103F-16F7-4668-BE54-9A1E7A4F7556}") = "Blazor.Diagrams.Algorithms", "src\Blazor.Diagrams.Algorithms\Blazor.Diagrams.Algorithms.csproj", "{CB3A42B6-3C87-4ECB-B60C-D98275AB1FB6}"
EndProject
Project("{2150E333-8FDC-42A3-9474-1A3956D46DE8}") = "Solution Items", "Solution Items", "{260DF53D-FF2B-4D1D-ACA7-431F6B62EE38}"
	ProjectSection(SolutionItems) = preProject
		CHANGELOG.md = CHANGELOG.md
		README.md = README.md
	EndProjectSection
EndProject
Project("{2150E333-8FDC-42A3-9474-1A3956D46DE8}") = "tests", "tests", "{CEEAE4C2-CE68-4FC3-9E0F-D4781B91F7F4}"
EndProject
Project("{9A19103F-16F7-4668-BE54-9A1E7A4F7556}") = "Blazor.Diagrams.Core.Tests", "tests\Blazor.Diagrams.Core.Tests\Blazor.Diagrams.Core.Tests.csproj", "{36B4DCCD-45AB-4338-9224-DDAF386A23A3}"
EndProject
Project("{2150E333-8FDC-42A3-9474-1A3956D46DE8}") = "mobile", "mobile", "{E2CA2D41-C853-43CE-BA88-8153B40BA827}"
EndProject
Project("{FAE04EC0-301F-11D3-BF4B-00C04F79EFBC}") = "Diagrams.Sample.Mobile.Android", "samples\mobile\Diagrams.Sample.Mobile\Diagrams.Sample.Mobile.Android\Diagrams.Sample.Mobile.Android.csproj", "{A98EBB54-C37A-4C88-A14A-7B06B0B25AFC}"
EndProject
Project("{FAE04EC0-301F-11D3-BF4B-00C04F79EFBC}") = "Diagrams.Sample.Mobile.iOS", "samples\mobile\Diagrams.Sample.Mobile\Diagrams.Sample.Mobile.iOS\Diagrams.Sample.Mobile.iOS.csproj", "{0602926C-7E12-4EC6-8FA8-CE32BE047D8A}"
EndProject
Project("{FAE04EC0-301F-11D3-BF4B-00C04F79EFBC}") = "Diagrams.Sample.Mobile", "samples\mobile\Diagrams.Sample.Mobile\Diagrams.Sample.Mobile\Diagrams.Sample.Mobile.csproj", "{93F200A8-CF4A-4079-9AE4-5CEC1B912ECB}"
EndProject
Global
	GlobalSection(SolutionConfigurationPlatforms) = preSolution
		Debug|Any CPU = Debug|Any CPU
		Debug|ARM = Debug|ARM
		Debug|iPhone = Debug|iPhone
		Debug|iPhoneSimulator = Debug|iPhoneSimulator
		Debug|x64 = Debug|x64
		Debug|x86 = Debug|x86
		Release|Any CPU = Release|Any CPU
		Release|ARM = Release|ARM
		Release|iPhone = Release|iPhone
		Release|iPhoneSimulator = Release|iPhoneSimulator
		Release|x64 = Release|x64
		Release|x86 = Release|x86
	EndGlobalSection
	GlobalSection(ProjectConfigurationPlatforms) = postSolution
		{1A70B637-9EF8-4C25-970E-A681DEC9061C}.Debug|Any CPU.ActiveCfg = Debug|Any CPU
		{1A70B637-9EF8-4C25-970E-A681DEC9061C}.Debug|Any CPU.Build.0 = Debug|Any CPU
		{1A70B637-9EF8-4C25-970E-A681DEC9061C}.Debug|ARM.ActiveCfg = Debug|Any CPU
		{1A70B637-9EF8-4C25-970E-A681DEC9061C}.Debug|ARM.Build.0 = Debug|Any CPU
		{1A70B637-9EF8-4C25-970E-A681DEC9061C}.Debug|iPhone.ActiveCfg = Debug|Any CPU
		{1A70B637-9EF8-4C25-970E-A681DEC9061C}.Debug|iPhone.Build.0 = Debug|Any CPU
		{1A70B637-9EF8-4C25-970E-A681DEC9061C}.Debug|iPhoneSimulator.ActiveCfg = Debug|Any CPU
		{1A70B637-9EF8-4C25-970E-A681DEC9061C}.Debug|iPhoneSimulator.Build.0 = Debug|Any CPU
		{1A70B637-9EF8-4C25-970E-A681DEC9061C}.Debug|x64.ActiveCfg = Debug|Any CPU
		{1A70B637-9EF8-4C25-970E-A681DEC9061C}.Debug|x64.Build.0 = Debug|Any CPU
		{1A70B637-9EF8-4C25-970E-A681DEC9061C}.Debug|x86.ActiveCfg = Debug|Any CPU
		{1A70B637-9EF8-4C25-970E-A681DEC9061C}.Debug|x86.Build.0 = Debug|Any CPU
		{1A70B637-9EF8-4C25-970E-A681DEC9061C}.Release|Any CPU.ActiveCfg = Release|Any CPU
		{1A70B637-9EF8-4C25-970E-A681DEC9061C}.Release|Any CPU.Build.0 = Release|Any CPU
		{1A70B637-9EF8-4C25-970E-A681DEC9061C}.Release|ARM.ActiveCfg = Release|Any CPU
		{1A70B637-9EF8-4C25-970E-A681DEC9061C}.Release|ARM.Build.0 = Release|Any CPU
		{1A70B637-9EF8-4C25-970E-A681DEC9061C}.Release|iPhone.ActiveCfg = Release|Any CPU
		{1A70B637-9EF8-4C25-970E-A681DEC9061C}.Release|iPhone.Build.0 = Release|Any CPU
		{1A70B637-9EF8-4C25-970E-A681DEC9061C}.Release|iPhoneSimulator.ActiveCfg = Release|Any CPU
		{1A70B637-9EF8-4C25-970E-A681DEC9061C}.Release|iPhoneSimulator.Build.0 = Release|Any CPU
		{1A70B637-9EF8-4C25-970E-A681DEC9061C}.Release|x64.ActiveCfg = Release|Any CPU
		{1A70B637-9EF8-4C25-970E-A681DEC9061C}.Release|x64.Build.0 = Release|Any CPU
		{1A70B637-9EF8-4C25-970E-A681DEC9061C}.Release|x86.ActiveCfg = Release|Any CPU
		{1A70B637-9EF8-4C25-970E-A681DEC9061C}.Release|x86.Build.0 = Release|Any CPU
		{A43942BD-FDA0-4E3D-8115-BBE9D0D75DE3}.Debug|Any CPU.ActiveCfg = Debug|Any CPU
		{A43942BD-FDA0-4E3D-8115-BBE9D0D75DE3}.Debug|Any CPU.Build.0 = Debug|Any CPU
		{A43942BD-FDA0-4E3D-8115-BBE9D0D75DE3}.Debug|ARM.ActiveCfg = Debug|Any CPU
		{A43942BD-FDA0-4E3D-8115-BBE9D0D75DE3}.Debug|ARM.Build.0 = Debug|Any CPU
		{A43942BD-FDA0-4E3D-8115-BBE9D0D75DE3}.Debug|iPhone.ActiveCfg = Debug|Any CPU
		{A43942BD-FDA0-4E3D-8115-BBE9D0D75DE3}.Debug|iPhone.Build.0 = Debug|Any CPU
		{A43942BD-FDA0-4E3D-8115-BBE9D0D75DE3}.Debug|iPhoneSimulator.ActiveCfg = Debug|Any CPU
		{A43942BD-FDA0-4E3D-8115-BBE9D0D75DE3}.Debug|iPhoneSimulator.Build.0 = Debug|Any CPU
		{A43942BD-FDA0-4E3D-8115-BBE9D0D75DE3}.Debug|x64.ActiveCfg = Debug|Any CPU
		{A43942BD-FDA0-4E3D-8115-BBE9D0D75DE3}.Debug|x64.Build.0 = Debug|Any CPU
		{A43942BD-FDA0-4E3D-8115-BBE9D0D75DE3}.Debug|x86.ActiveCfg = Debug|Any CPU
		{A43942BD-FDA0-4E3D-8115-BBE9D0D75DE3}.Debug|x86.Build.0 = Debug|Any CPU
		{A43942BD-FDA0-4E3D-8115-BBE9D0D75DE3}.Release|Any CPU.ActiveCfg = Release|Any CPU
		{A43942BD-FDA0-4E3D-8115-BBE9D0D75DE3}.Release|Any CPU.Build.0 = Release|Any CPU
		{A43942BD-FDA0-4E3D-8115-BBE9D0D75DE3}.Release|ARM.ActiveCfg = Release|Any CPU
		{A43942BD-FDA0-4E3D-8115-BBE9D0D75DE3}.Release|ARM.Build.0 = Release|Any CPU
		{A43942BD-FDA0-4E3D-8115-BBE9D0D75DE3}.Release|iPhone.ActiveCfg = Release|Any CPU
		{A43942BD-FDA0-4E3D-8115-BBE9D0D75DE3}.Release|iPhone.Build.0 = Release|Any CPU
		{A43942BD-FDA0-4E3D-8115-BBE9D0D75DE3}.Release|iPhoneSimulator.ActiveCfg = Release|Any CPU
		{A43942BD-FDA0-4E3D-8115-BBE9D0D75DE3}.Release|iPhoneSimulator.Build.0 = Release|Any CPU
		{A43942BD-FDA0-4E3D-8115-BBE9D0D75DE3}.Release|x64.ActiveCfg = Release|Any CPU
		{A43942BD-FDA0-4E3D-8115-BBE9D0D75DE3}.Release|x64.Build.0 = Release|Any CPU
		{A43942BD-FDA0-4E3D-8115-BBE9D0D75DE3}.Release|x86.ActiveCfg = Release|Any CPU
		{A43942BD-FDA0-4E3D-8115-BBE9D0D75DE3}.Release|x86.Build.0 = Release|Any CPU
		{A1A4F8A5-7C97-41A8-9ADD-54E9D1725B56}.Debug|Any CPU.ActiveCfg = Debug|Any CPU
		{A1A4F8A5-7C97-41A8-9ADD-54E9D1725B56}.Debug|Any CPU.Build.0 = Debug|Any CPU
		{A1A4F8A5-7C97-41A8-9ADD-54E9D1725B56}.Debug|ARM.ActiveCfg = Debug|Any CPU
		{A1A4F8A5-7C97-41A8-9ADD-54E9D1725B56}.Debug|ARM.Build.0 = Debug|Any CPU
		{A1A4F8A5-7C97-41A8-9ADD-54E9D1725B56}.Debug|iPhone.ActiveCfg = Debug|Any CPU
		{A1A4F8A5-7C97-41A8-9ADD-54E9D1725B56}.Debug|iPhone.Build.0 = Debug|Any CPU
		{A1A4F8A5-7C97-41A8-9ADD-54E9D1725B56}.Debug|iPhoneSimulator.ActiveCfg = Debug|Any CPU
		{A1A4F8A5-7C97-41A8-9ADD-54E9D1725B56}.Debug|iPhoneSimulator.Build.0 = Debug|Any CPU
		{A1A4F8A5-7C97-41A8-9ADD-54E9D1725B56}.Debug|x64.ActiveCfg = Debug|Any CPU
		{A1A4F8A5-7C97-41A8-9ADD-54E9D1725B56}.Debug|x64.Build.0 = Debug|Any CPU
		{A1A4F8A5-7C97-41A8-9ADD-54E9D1725B56}.Debug|x86.ActiveCfg = Debug|Any CPU
		{A1A4F8A5-7C97-41A8-9ADD-54E9D1725B56}.Debug|x86.Build.0 = Debug|Any CPU
		{A1A4F8A5-7C97-41A8-9ADD-54E9D1725B56}.Release|Any CPU.ActiveCfg = Release|Any CPU
		{A1A4F8A5-7C97-41A8-9ADD-54E9D1725B56}.Release|Any CPU.Build.0 = Release|Any CPU
		{A1A4F8A5-7C97-41A8-9ADD-54E9D1725B56}.Release|ARM.ActiveCfg = Release|Any CPU
		{A1A4F8A5-7C97-41A8-9ADD-54E9D1725B56}.Release|ARM.Build.0 = Release|Any CPU
		{A1A4F8A5-7C97-41A8-9ADD-54E9D1725B56}.Release|iPhone.ActiveCfg = Release|Any CPU
		{A1A4F8A5-7C97-41A8-9ADD-54E9D1725B56}.Release|iPhone.Build.0 = Release|Any CPU
		{A1A4F8A5-7C97-41A8-9ADD-54E9D1725B56}.Release|iPhoneSimulator.ActiveCfg = Release|Any CPU
		{A1A4F8A5-7C97-41A8-9ADD-54E9D1725B56}.Release|iPhoneSimulator.Build.0 = Release|Any CPU
		{A1A4F8A5-7C97-41A8-9ADD-54E9D1725B56}.Release|x64.ActiveCfg = Release|Any CPU
		{A1A4F8A5-7C97-41A8-9ADD-54E9D1725B56}.Release|x64.Build.0 = Release|Any CPU
		{A1A4F8A5-7C97-41A8-9ADD-54E9D1725B56}.Release|x86.ActiveCfg = Release|Any CPU
		{A1A4F8A5-7C97-41A8-9ADD-54E9D1725B56}.Release|x86.Build.0 = Release|Any CPU
		{1CBCC8E6-111C-4364-9882-50881E4CC8B4}.Debug|Any CPU.ActiveCfg = Debug|Any CPU
		{1CBCC8E6-111C-4364-9882-50881E4CC8B4}.Debug|Any CPU.Build.0 = Debug|Any CPU
		{1CBCC8E6-111C-4364-9882-50881E4CC8B4}.Debug|ARM.ActiveCfg = Debug|Any CPU
		{1CBCC8E6-111C-4364-9882-50881E4CC8B4}.Debug|ARM.Build.0 = Debug|Any CPU
		{1CBCC8E6-111C-4364-9882-50881E4CC8B4}.Debug|iPhone.ActiveCfg = Debug|Any CPU
		{1CBCC8E6-111C-4364-9882-50881E4CC8B4}.Debug|iPhone.Build.0 = Debug|Any CPU
		{1CBCC8E6-111C-4364-9882-50881E4CC8B4}.Debug|iPhoneSimulator.ActiveCfg = Debug|Any CPU
		{1CBCC8E6-111C-4364-9882-50881E4CC8B4}.Debug|iPhoneSimulator.Build.0 = Debug|Any CPU
		{1CBCC8E6-111C-4364-9882-50881E4CC8B4}.Debug|x64.ActiveCfg = Debug|Any CPU
		{1CBCC8E6-111C-4364-9882-50881E4CC8B4}.Debug|x64.Build.0 = Debug|Any CPU
		{1CBCC8E6-111C-4364-9882-50881E4CC8B4}.Debug|x86.ActiveCfg = Debug|Any CPU
		{1CBCC8E6-111C-4364-9882-50881E4CC8B4}.Debug|x86.Build.0 = Debug|Any CPU
		{1CBCC8E6-111C-4364-9882-50881E4CC8B4}.Release|Any CPU.ActiveCfg = Release|Any CPU
		{1CBCC8E6-111C-4364-9882-50881E4CC8B4}.Release|Any CPU.Build.0 = Release|Any CPU
		{1CBCC8E6-111C-4364-9882-50881E4CC8B4}.Release|ARM.ActiveCfg = Release|Any CPU
		{1CBCC8E6-111C-4364-9882-50881E4CC8B4}.Release|ARM.Build.0 = Release|Any CPU
		{1CBCC8E6-111C-4364-9882-50881E4CC8B4}.Release|iPhone.ActiveCfg = Release|Any CPU
		{1CBCC8E6-111C-4364-9882-50881E4CC8B4}.Release|iPhone.Build.0 = Release|Any CPU
		{1CBCC8E6-111C-4364-9882-50881E4CC8B4}.Release|iPhoneSimulator.ActiveCfg = Release|Any CPU
		{1CBCC8E6-111C-4364-9882-50881E4CC8B4}.Release|iPhoneSimulator.Build.0 = Release|Any CPU
		{1CBCC8E6-111C-4364-9882-50881E4CC8B4}.Release|x64.ActiveCfg = Release|Any CPU
		{1CBCC8E6-111C-4364-9882-50881E4CC8B4}.Release|x64.Build.0 = Release|Any CPU
		{1CBCC8E6-111C-4364-9882-50881E4CC8B4}.Release|x86.ActiveCfg = Release|Any CPU
		{1CBCC8E6-111C-4364-9882-50881E4CC8B4}.Release|x86.Build.0 = Release|Any CPU
		{B9EE910B-8FE7-490C-B20C-CEC27A2890D6}.Debug|Any CPU.ActiveCfg = Debug|Any CPU
		{B9EE910B-8FE7-490C-B20C-CEC27A2890D6}.Debug|Any CPU.Build.0 = Debug|Any CPU
		{B9EE910B-8FE7-490C-B20C-CEC27A2890D6}.Debug|ARM.ActiveCfg = Debug|Any CPU
		{B9EE910B-8FE7-490C-B20C-CEC27A2890D6}.Debug|ARM.Build.0 = Debug|Any CPU
		{B9EE910B-8FE7-490C-B20C-CEC27A2890D6}.Debug|iPhone.ActiveCfg = Debug|Any CPU
		{B9EE910B-8FE7-490C-B20C-CEC27A2890D6}.Debug|iPhone.Build.0 = Debug|Any CPU
		{B9EE910B-8FE7-490C-B20C-CEC27A2890D6}.Debug|iPhoneSimulator.ActiveCfg = Debug|Any CPU
		{B9EE910B-8FE7-490C-B20C-CEC27A2890D6}.Debug|iPhoneSimulator.Build.0 = Debug|Any CPU
		{B9EE910B-8FE7-490C-B20C-CEC27A2890D6}.Debug|x64.ActiveCfg = Debug|Any CPU
		{B9EE910B-8FE7-490C-B20C-CEC27A2890D6}.Debug|x64.Build.0 = Debug|Any CPU
		{B9EE910B-8FE7-490C-B20C-CEC27A2890D6}.Debug|x86.ActiveCfg = Debug|Any CPU
		{B9EE910B-8FE7-490C-B20C-CEC27A2890D6}.Debug|x86.Build.0 = Debug|Any CPU
		{B9EE910B-8FE7-490C-B20C-CEC27A2890D6}.Release|Any CPU.ActiveCfg = Release|Any CPU
		{B9EE910B-8FE7-490C-B20C-CEC27A2890D6}.Release|Any CPU.Build.0 = Release|Any CPU
		{B9EE910B-8FE7-490C-B20C-CEC27A2890D6}.Release|ARM.ActiveCfg = Release|Any CPU
		{B9EE910B-8FE7-490C-B20C-CEC27A2890D6}.Release|ARM.Build.0 = Release|Any CPU
		{B9EE910B-8FE7-490C-B20C-CEC27A2890D6}.Release|iPhone.ActiveCfg = Release|Any CPU
		{B9EE910B-8FE7-490C-B20C-CEC27A2890D6}.Release|iPhone.Build.0 = Release|Any CPU
		{B9EE910B-8FE7-490C-B20C-CEC27A2890D6}.Release|iPhoneSimulator.ActiveCfg = Release|Any CPU
		{B9EE910B-8FE7-490C-B20C-CEC27A2890D6}.Release|iPhoneSimulator.Build.0 = Release|Any CPU
		{B9EE910B-8FE7-490C-B20C-CEC27A2890D6}.Release|x64.ActiveCfg = Release|Any CPU
		{B9EE910B-8FE7-490C-B20C-CEC27A2890D6}.Release|x64.Build.0 = Release|Any CPU
		{B9EE910B-8FE7-490C-B20C-CEC27A2890D6}.Release|x86.ActiveCfg = Release|Any CPU
		{B9EE910B-8FE7-490C-B20C-CEC27A2890D6}.Release|x86.Build.0 = Release|Any CPU
		{CB3A42B6-3C87-4ECB-B60C-D98275AB1FB6}.Debug|Any CPU.ActiveCfg = Debug|Any CPU
		{CB3A42B6-3C87-4ECB-B60C-D98275AB1FB6}.Debug|Any CPU.Build.0 = Debug|Any CPU
		{CB3A42B6-3C87-4ECB-B60C-D98275AB1FB6}.Debug|ARM.ActiveCfg = Debug|Any CPU
		{CB3A42B6-3C87-4ECB-B60C-D98275AB1FB6}.Debug|ARM.Build.0 = Debug|Any CPU
		{CB3A42B6-3C87-4ECB-B60C-D98275AB1FB6}.Debug|iPhone.ActiveCfg = Debug|Any CPU
		{CB3A42B6-3C87-4ECB-B60C-D98275AB1FB6}.Debug|iPhone.Build.0 = Debug|Any CPU
		{CB3A42B6-3C87-4ECB-B60C-D98275AB1FB6}.Debug|iPhoneSimulator.ActiveCfg = Debug|Any CPU
		{CB3A42B6-3C87-4ECB-B60C-D98275AB1FB6}.Debug|iPhoneSimulator.Build.0 = Debug|Any CPU
		{CB3A42B6-3C87-4ECB-B60C-D98275AB1FB6}.Debug|x64.ActiveCfg = Debug|Any CPU
		{CB3A42B6-3C87-4ECB-B60C-D98275AB1FB6}.Debug|x64.Build.0 = Debug|Any CPU
		{CB3A42B6-3C87-4ECB-B60C-D98275AB1FB6}.Debug|x86.ActiveCfg = Debug|Any CPU
		{CB3A42B6-3C87-4ECB-B60C-D98275AB1FB6}.Debug|x86.Build.0 = Debug|Any CPU
		{CB3A42B6-3C87-4ECB-B60C-D98275AB1FB6}.Release|Any CPU.ActiveCfg = Release|Any CPU
		{CB3A42B6-3C87-4ECB-B60C-D98275AB1FB6}.Release|Any CPU.Build.0 = Release|Any CPU
		{CB3A42B6-3C87-4ECB-B60C-D98275AB1FB6}.Release|ARM.ActiveCfg = Release|Any CPU
		{CB3A42B6-3C87-4ECB-B60C-D98275AB1FB6}.Release|ARM.Build.0 = Release|Any CPU
		{CB3A42B6-3C87-4ECB-B60C-D98275AB1FB6}.Release|iPhone.ActiveCfg = Release|Any CPU
		{CB3A42B6-3C87-4ECB-B60C-D98275AB1FB6}.Release|iPhone.Build.0 = Release|Any CPU
		{CB3A42B6-3C87-4ECB-B60C-D98275AB1FB6}.Release|iPhoneSimulator.ActiveCfg = Release|Any CPU
		{CB3A42B6-3C87-4ECB-B60C-D98275AB1FB6}.Release|iPhoneSimulator.Build.0 = Release|Any CPU
		{CB3A42B6-3C87-4ECB-B60C-D98275AB1FB6}.Release|x64.ActiveCfg = Release|Any CPU
		{CB3A42B6-3C87-4ECB-B60C-D98275AB1FB6}.Release|x64.Build.0 = Release|Any CPU
		{CB3A42B6-3C87-4ECB-B60C-D98275AB1FB6}.Release|x86.ActiveCfg = Release|Any CPU
		{CB3A42B6-3C87-4ECB-B60C-D98275AB1FB6}.Release|x86.Build.0 = Release|Any CPU
		{36B4DCCD-45AB-4338-9224-DDAF386A23A3}.Debug|Any CPU.ActiveCfg = Debug|Any CPU
		{36B4DCCD-45AB-4338-9224-DDAF386A23A3}.Debug|Any CPU.Build.0 = Debug|Any CPU
		{36B4DCCD-45AB-4338-9224-DDAF386A23A3}.Debug|ARM.ActiveCfg = Debug|Any CPU
		{36B4DCCD-45AB-4338-9224-DDAF386A23A3}.Debug|ARM.Build.0 = Debug|Any CPU
		{36B4DCCD-45AB-4338-9224-DDAF386A23A3}.Debug|iPhone.ActiveCfg = Debug|Any CPU
		{36B4DCCD-45AB-4338-9224-DDAF386A23A3}.Debug|iPhone.Build.0 = Debug|Any CPU
		{36B4DCCD-45AB-4338-9224-DDAF386A23A3}.Debug|iPhoneSimulator.ActiveCfg = Debug|Any CPU
		{36B4DCCD-45AB-4338-9224-DDAF386A23A3}.Debug|iPhoneSimulator.Build.0 = Debug|Any CPU
		{36B4DCCD-45AB-4338-9224-DDAF386A23A3}.Debug|x64.ActiveCfg = Debug|Any CPU
		{36B4DCCD-45AB-4338-9224-DDAF386A23A3}.Debug|x64.Build.0 = Debug|Any CPU
		{36B4DCCD-45AB-4338-9224-DDAF386A23A3}.Debug|x86.ActiveCfg = Debug|Any CPU
		{36B4DCCD-45AB-4338-9224-DDAF386A23A3}.Debug|x86.Build.0 = Debug|Any CPU
		{36B4DCCD-45AB-4338-9224-DDAF386A23A3}.Release|Any CPU.ActiveCfg = Release|Any CPU
		{36B4DCCD-45AB-4338-9224-DDAF386A23A3}.Release|Any CPU.Build.0 = Release|Any CPU
		{36B4DCCD-45AB-4338-9224-DDAF386A23A3}.Release|ARM.ActiveCfg = Release|Any CPU
		{36B4DCCD-45AB-4338-9224-DDAF386A23A3}.Release|ARM.Build.0 = Release|Any CPU
		{36B4DCCD-45AB-4338-9224-DDAF386A23A3}.Release|iPhone.ActiveCfg = Release|Any CPU
		{36B4DCCD-45AB-4338-9224-DDAF386A23A3}.Release|iPhone.Build.0 = Release|Any CPU
		{36B4DCCD-45AB-4338-9224-DDAF386A23A3}.Release|iPhoneSimulator.ActiveCfg = Release|Any CPU
		{36B4DCCD-45AB-4338-9224-DDAF386A23A3}.Release|iPhoneSimulator.Build.0 = Release|Any CPU
		{36B4DCCD-45AB-4338-9224-DDAF386A23A3}.Release|x64.ActiveCfg = Release|Any CPU
		{36B4DCCD-45AB-4338-9224-DDAF386A23A3}.Release|x64.Build.0 = Release|Any CPU
		{36B4DCCD-45AB-4338-9224-DDAF386A23A3}.Release|x86.ActiveCfg = Release|Any CPU
		{36B4DCCD-45AB-4338-9224-DDAF386A23A3}.Release|x86.Build.0 = Release|Any CPU
		{A98EBB54-C37A-4C88-A14A-7B06B0B25AFC}.Debug|Any CPU.ActiveCfg = Debug|Any CPU
		{A98EBB54-C37A-4C88-A14A-7B06B0B25AFC}.Debug|Any CPU.Build.0 = Debug|Any CPU
		{A98EBB54-C37A-4C88-A14A-7B06B0B25AFC}.Debug|Any CPU.Deploy.0 = Debug|Any CPU
		{A98EBB54-C37A-4C88-A14A-7B06B0B25AFC}.Debug|ARM.ActiveCfg = Debug|Any CPU
		{A98EBB54-C37A-4C88-A14A-7B06B0B25AFC}.Debug|ARM.Build.0 = Debug|Any CPU
		{A98EBB54-C37A-4C88-A14A-7B06B0B25AFC}.Debug|ARM.Deploy.0 = Debug|Any CPU
		{A98EBB54-C37A-4C88-A14A-7B06B0B25AFC}.Debug|iPhone.ActiveCfg = Debug|Any CPU
		{A98EBB54-C37A-4C88-A14A-7B06B0B25AFC}.Debug|iPhone.Build.0 = Debug|Any CPU
		{A98EBB54-C37A-4C88-A14A-7B06B0B25AFC}.Debug|iPhone.Deploy.0 = Debug|Any CPU
		{A98EBB54-C37A-4C88-A14A-7B06B0B25AFC}.Debug|iPhoneSimulator.ActiveCfg = Debug|Any CPU
		{A98EBB54-C37A-4C88-A14A-7B06B0B25AFC}.Debug|iPhoneSimulator.Build.0 = Debug|Any CPU
		{A98EBB54-C37A-4C88-A14A-7B06B0B25AFC}.Debug|iPhoneSimulator.Deploy.0 = Debug|Any CPU
		{A98EBB54-C37A-4C88-A14A-7B06B0B25AFC}.Debug|x64.ActiveCfg = Debug|Any CPU
		{A98EBB54-C37A-4C88-A14A-7B06B0B25AFC}.Debug|x64.Build.0 = Debug|Any CPU
		{A98EBB54-C37A-4C88-A14A-7B06B0B25AFC}.Debug|x64.Deploy.0 = Debug|Any CPU
		{A98EBB54-C37A-4C88-A14A-7B06B0B25AFC}.Debug|x86.ActiveCfg = Debug|Any CPU
		{A98EBB54-C37A-4C88-A14A-7B06B0B25AFC}.Debug|x86.Build.0 = Debug|Any CPU
		{A98EBB54-C37A-4C88-A14A-7B06B0B25AFC}.Debug|x86.Deploy.0 = Debug|Any CPU
		{A98EBB54-C37A-4C88-A14A-7B06B0B25AFC}.Release|Any CPU.ActiveCfg = Release|Any CPU
		{A98EBB54-C37A-4C88-A14A-7B06B0B25AFC}.Release|Any CPU.Build.0 = Release|Any CPU
		{A98EBB54-C37A-4C88-A14A-7B06B0B25AFC}.Release|Any CPU.Deploy.0 = Release|Any CPU
		{A98EBB54-C37A-4C88-A14A-7B06B0B25AFC}.Release|ARM.ActiveCfg = Release|Any CPU
		{A98EBB54-C37A-4C88-A14A-7B06B0B25AFC}.Release|ARM.Build.0 = Release|Any CPU
		{A98EBB54-C37A-4C88-A14A-7B06B0B25AFC}.Release|ARM.Deploy.0 = Release|Any CPU
		{A98EBB54-C37A-4C88-A14A-7B06B0B25AFC}.Release|iPhone.ActiveCfg = Release|Any CPU
		{A98EBB54-C37A-4C88-A14A-7B06B0B25AFC}.Release|iPhone.Build.0 = Release|Any CPU
		{A98EBB54-C37A-4C88-A14A-7B06B0B25AFC}.Release|iPhone.Deploy.0 = Release|Any CPU
		{A98EBB54-C37A-4C88-A14A-7B06B0B25AFC}.Release|iPhoneSimulator.ActiveCfg = Release|Any CPU
		{A98EBB54-C37A-4C88-A14A-7B06B0B25AFC}.Release|iPhoneSimulator.Build.0 = Release|Any CPU
		{A98EBB54-C37A-4C88-A14A-7B06B0B25AFC}.Release|iPhoneSimulator.Deploy.0 = Release|Any CPU
		{A98EBB54-C37A-4C88-A14A-7B06B0B25AFC}.Release|x64.ActiveCfg = Release|Any CPU
		{A98EBB54-C37A-4C88-A14A-7B06B0B25AFC}.Release|x64.Build.0 = Release|Any CPU
		{A98EBB54-C37A-4C88-A14A-7B06B0B25AFC}.Release|x64.Deploy.0 = Release|Any CPU
		{A98EBB54-C37A-4C88-A14A-7B06B0B25AFC}.Release|x86.ActiveCfg = Release|Any CPU
		{A98EBB54-C37A-4C88-A14A-7B06B0B25AFC}.Release|x86.Build.0 = Release|Any CPU
		{A98EBB54-C37A-4C88-A14A-7B06B0B25AFC}.Release|x86.Deploy.0 = Release|Any CPU
		{0602926C-7E12-4EC6-8FA8-CE32BE047D8A}.Debug|Any CPU.ActiveCfg = Debug|iPhoneSimulator
		{0602926C-7E12-4EC6-8FA8-CE32BE047D8A}.Debug|ARM.ActiveCfg = Debug|iPhoneSimulator
		{0602926C-7E12-4EC6-8FA8-CE32BE047D8A}.Debug|iPhone.ActiveCfg = Debug|iPhone
		{0602926C-7E12-4EC6-8FA8-CE32BE047D8A}.Debug|iPhone.Build.0 = Debug|iPhone
		{0602926C-7E12-4EC6-8FA8-CE32BE047D8A}.Debug|iPhoneSimulator.ActiveCfg = Debug|iPhoneSimulator
		{0602926C-7E12-4EC6-8FA8-CE32BE047D8A}.Debug|iPhoneSimulator.Build.0 = Debug|iPhoneSimulator
		{0602926C-7E12-4EC6-8FA8-CE32BE047D8A}.Debug|x64.ActiveCfg = Debug|iPhoneSimulator
		{0602926C-7E12-4EC6-8FA8-CE32BE047D8A}.Debug|x86.ActiveCfg = Debug|iPhoneSimulator
		{0602926C-7E12-4EC6-8FA8-CE32BE047D8A}.Release|Any CPU.ActiveCfg = Release|iPhoneSimulator
		{0602926C-7E12-4EC6-8FA8-CE32BE047D8A}.Release|ARM.ActiveCfg = Release|iPhoneSimulator
		{0602926C-7E12-4EC6-8FA8-CE32BE047D8A}.Release|iPhone.ActiveCfg = Release|iPhone
		{0602926C-7E12-4EC6-8FA8-CE32BE047D8A}.Release|iPhone.Build.0 = Release|iPhone
		{0602926C-7E12-4EC6-8FA8-CE32BE047D8A}.Release|iPhoneSimulator.ActiveCfg = Release|iPhoneSimulator
		{0602926C-7E12-4EC6-8FA8-CE32BE047D8A}.Release|iPhoneSimulator.Build.0 = Release|iPhoneSimulator
		{0602926C-7E12-4EC6-8FA8-CE32BE047D8A}.Release|x64.ActiveCfg = Release|iPhoneSimulator
		{0602926C-7E12-4EC6-8FA8-CE32BE047D8A}.Release|x86.ActiveCfg = Release|iPhoneSimulator
		{93F200A8-CF4A-4079-9AE4-5CEC1B912ECB}.Debug|Any CPU.ActiveCfg = Debug|Any CPU
		{93F200A8-CF4A-4079-9AE4-5CEC1B912ECB}.Debug|Any CPU.Build.0 = Debug|Any CPU
		{93F200A8-CF4A-4079-9AE4-5CEC1B912ECB}.Debug|ARM.ActiveCfg = Debug|Any CPU
		{93F200A8-CF4A-4079-9AE4-5CEC1B912ECB}.Debug|ARM.Build.0 = Debug|Any CPU
		{93F200A8-CF4A-4079-9AE4-5CEC1B912ECB}.Debug|iPhone.ActiveCfg = Debug|Any CPU
		{93F200A8-CF4A-4079-9AE4-5CEC1B912ECB}.Debug|iPhone.Build.0 = Debug|Any CPU
		{93F200A8-CF4A-4079-9AE4-5CEC1B912ECB}.Debug|iPhoneSimulator.ActiveCfg = Debug|Any CPU
		{93F200A8-CF4A-4079-9AE4-5CEC1B912ECB}.Debug|iPhoneSimulator.Build.0 = Debug|Any CPU
		{93F200A8-CF4A-4079-9AE4-5CEC1B912ECB}.Debug|x64.ActiveCfg = Debug|Any CPU
		{93F200A8-CF4A-4079-9AE4-5CEC1B912ECB}.Debug|x64.Build.0 = Debug|Any CPU
		{93F200A8-CF4A-4079-9AE4-5CEC1B912ECB}.Debug|x86.ActiveCfg = Debug|Any CPU
		{93F200A8-CF4A-4079-9AE4-5CEC1B912ECB}.Debug|x86.Build.0 = Debug|Any CPU
		{93F200A8-CF4A-4079-9AE4-5CEC1B912ECB}.Release|Any CPU.ActiveCfg = Release|Any CPU
		{93F200A8-CF4A-4079-9AE4-5CEC1B912ECB}.Release|Any CPU.Build.0 = Release|Any CPU
		{93F200A8-CF4A-4079-9AE4-5CEC1B912ECB}.Release|ARM.ActiveCfg = Release|Any CPU
		{93F200A8-CF4A-4079-9AE4-5CEC1B912ECB}.Release|ARM.Build.0 = Release|Any CPU
		{93F200A8-CF4A-4079-9AE4-5CEC1B912ECB}.Release|iPhone.ActiveCfg = Release|Any CPU
		{93F200A8-CF4A-4079-9AE4-5CEC1B912ECB}.Release|iPhone.Build.0 = Release|Any CPU
		{93F200A8-CF4A-4079-9AE4-5CEC1B912ECB}.Release|iPhoneSimulator.ActiveCfg = Release|Any CPU
		{93F200A8-CF4A-4079-9AE4-5CEC1B912ECB}.Release|iPhoneSimulator.Build.0 = Release|Any CPU
		{93F200A8-CF4A-4079-9AE4-5CEC1B912ECB}.Release|x64.ActiveCfg = Release|Any CPU
		{93F200A8-CF4A-4079-9AE4-5CEC1B912ECB}.Release|x64.Build.0 = Release|Any CPU
		{93F200A8-CF4A-4079-9AE4-5CEC1B912ECB}.Release|x86.ActiveCfg = Release|Any CPU
		{93F200A8-CF4A-4079-9AE4-5CEC1B912ECB}.Release|x86.Build.0 = Release|Any CPU
	EndGlobalSection
	GlobalSection(SolutionProperties) = preSolution
		HideSolutionNode = FALSE
	EndGlobalSection
	GlobalSection(NestedProjects) = preSolution
		{1A70B637-9EF8-4C25-970E-A681DEC9061C} = {EE32E278-A887-454E-987D-FFE9E37169FE}
		{A43942BD-FDA0-4E3D-8115-BBE9D0D75DE3} = {DA819127-3EF6-4EB9-A2DA-BC056B284A50}
		{A1A4F8A5-7C97-41A8-9ADD-54E9D1725B56} = {EE32E278-A887-454E-987D-FFE9E37169FE}
		{1CBCC8E6-111C-4364-9882-50881E4CC8B4} = {DA819127-3EF6-4EB9-A2DA-BC056B284A50}
		{B9EE910B-8FE7-490C-B20C-CEC27A2890D6} = {DA819127-3EF6-4EB9-A2DA-BC056B284A50}
		{CB3A42B6-3C87-4ECB-B60C-D98275AB1FB6} = {EE32E278-A887-454E-987D-FFE9E37169FE}
		{36B4DCCD-45AB-4338-9224-DDAF386A23A3} = {CEEAE4C2-CE68-4FC3-9E0F-D4781B91F7F4}
		{E2CA2D41-C853-43CE-BA88-8153B40BA827} = {DA819127-3EF6-4EB9-A2DA-BC056B284A50}
		{A98EBB54-C37A-4C88-A14A-7B06B0B25AFC} = {E2CA2D41-C853-43CE-BA88-8153B40BA827}
		{0602926C-7E12-4EC6-8FA8-CE32BE047D8A} = {E2CA2D41-C853-43CE-BA88-8153B40BA827}
		{93F200A8-CF4A-4079-9AE4-5CEC1B912ECB} = {E2CA2D41-C853-43CE-BA88-8153B40BA827}
	EndGlobalSection
	GlobalSection(ExtensibilityGlobals) = postSolution
		SolutionGuid = {969540A2-8162-4063-A4E3-B488F69BD582}
	EndGlobalSection
EndGlobal
